github.com/digitalocean/go-smbios v0.0.0-20180907143718-390a4f403a8e h1:vUmf0yezR0y7jJ5pceLHthLaYf4bA5T14B6q39S4q2Q=
github.com/digitalocean/go-smbios v0.0.0-20180907143718-390a4f403a8e/go.mod h1:YTIHhz/QFSYnu/EhlF2SpU2Uk+32abacUYA5ZPljz1A=
github.com/fearful-symmetry/gomsr v0.0.1 h1:m208RzdTApWVbv8a9kf78rdPLQe+BY9AxRb/nSbHxSA=
github.com/fearful-symmetry/gomsr v0.0.1/go.mod h1:Qb/0Y7zwobP7v8Sji+M5mlL4N7Voyz5WaKXXRFPnLio=
github.com/google/go-cmp v0.5.9 h1:O2Tfq5qg4qc4AmwVlvv0oLiVAGB7enBSJ2x2DqQFi38=
github.com/google/go-cmp v0.5.9/go.mod h1:17dUlkBOakJ0+DkrSSNjCkIjxS6bF9zb3elmeNGIjoY=
github.com/google/go-tpm v0.9.1 h1:0pGc4X//bAlmZzMKf8iz6IsDo1nYTbYJ6FZN/rg4zdM=
github.com/google/go-tpm v0.9.1/go.mod h1:h9jEsEECg7gtLis0upRBQU+GhYVH6jMjrFxI8u6bVUY=
github.com/intel-go/cpuid v0.0.0-20200819041909-2aa72927c3e2 h1:h+RKaNPjka7LRJGoeub/IQBdXSoEaJjfADkBq02hvjw=
github.com/intel-go/cpuid v0.0.0-20200819041909-2aa72927c3e2/go.mod h1:RmeVYf9XrPRbRc3XIx0gLYA8qOFvNoPOfaEZduRlEp4=
github.com/klauspost/cpuid/v2 v2.0.9 h1:lgaqFMSdTdQYdZ04uHyN2d/eKdOMyi2YLSvlQIBFYa4=
github.com/klauspost/cpuid/v2 v2.0.9/go.mod h1:FInQzS24/EEf25PyTYn52gqo7WaD8xa0213Md/qVLRg=
golang.org/x/sys v0.8.0 h1:EBmGv8NaZBZTWvrbjNoL6HVt+IVy3QDQpJs7VRIw3tU=
golang.org/x/sys v0.8.0/go.mod h1:oPkhp1MJrh7nUepCBck5+mAzfO9JrbApNNgaTdGDITg=
golang.org/x/sys v0.24.0 h1:Twjiwq9dn6R1fQcyiK+wQyHWfaz/BJB+YIpzU/Cv3Xg=
golang.org/x/sys v0.24.0/go.mod h1:/VUhepiaJMQUp4+oa/7Zr1D23ma6VTLIYjOOTFZPUcA=
